
Microsoft Visual Studio Solution File, Format Version 12.00
# Visual Studio Version 17
VisualStudioVersion = 17.4.33213.308
MinimumVisualStudioVersion = 10.0.40219.1
Project("{FAE04EC0-301F-11D3-BF4B-00C04F79EFBC}") = "AS1", "AS1\AS1.csproj", "{501AA4DB-0E87-499C-95A3-00443851E118}"
EndProject
Global
	GlobalSection(SolutionConfigurationPlatforms) = preSolution
		Debug|Any CPU = Debug|Any CPU
		Release|Any CPU = Release|Any CPU
	EndGlobalSection
	GlobalSection(ProjectConfigurationPlatforms) = postSolution
		{501AA4DB-0E87-499C-95A3-00443851E118}.Debug|Any CPU.ActiveCfg = Debug|Any CPU
		{501AA4DB-0E87-499C-95A3-00443851E118}.Debug|Any CPU.Build.0 = Debug|Any CPU
		{501AA4DB-0E87-499C-95A3-00443851E118}.Release|Any CPU.ActiveCfg = Release|Any CPU
		{501AA4DB-0E87-499C-95A3-00443851E118}.Release|Any CPU.Build.0 = Release|Any CPU
	EndGlobalSection
	GlobalSection(SolutionProperties) = preSolution
		HideSolutionNode = FALSE
	EndGlobalSection
	GlobalSection(ExtensibilityGlobals) = postSolution
		SolutionGuid = {5E5057B5-74CF-4ADF-988D-C37BDF9EFE71}
	EndGlobalSection
EndGlobal
